{
  "name": "contextforge",
  "version": "0.1.0",
  "lockfileVersion": 3,
  "requires": true,
  "packages": {
    "": {
      "name": "contextforge",
      "version": "0.1.0",
      "license": "MIT",
      "bin": {
        "contextforge": "bin/contextforge.mjs"
      },
      "engines": {
        "node": ">=20"
      }
    }
  }
}
